
Microsoft Visual Studio Solution File, Format Version 12.00
# Visual Studio Version 16
VisualStudioVersion = 16.0.31624.102
MinimumVisualStudioVersion = 10.0.40219.1
Project("{8BC9CEB8-8B4A-11D0-8D11-00A0C91BC942}") = "Lab_6.42", "Lab_6.42\Lab_6.42.vcxproj", "{EC9CDF16-BA5A-410D-A72B-B742B053AFF8}"
EndProject
Project("{8BC9CEB8-8B4A-11D0-8D11-00A0C91BC942}") = "UnitTest1", "UnitTest1\UnitTest1.vcxproj", "{ACF399E4-54E4-4839-9993-CF2A82AE9313}"
EndProject
Global
	GlobalSection(SolutionConfigurationPlatforms) = preSolution
		Debug|x64 = Debug|x64
		Debug|x86 = Debug|x86
		Release|x64 = Release|x64
		Release|x86 = Release|x86
	EndGlobalSection
	GlobalSection(ProjectConfigurationPlatforms) = postSolution
		{EC9CDF16-BA5A-410D-A72B-B742B053AFF8}.Debug|x64.ActiveCfg = Debug|x64
		{EC9CDF16-BA5A-410D-A72B-B742B053AFF8}.Debug|x64.Build.0 = Debug|x64
		{EC9CDF16-BA5A-410D-A72B-B742B053AFF8}.Debug|x86.ActiveCfg = Debug|Win32
		{EC9CDF16-BA5A-410D-A72B-B742B053AFF8}.Debug|x86.Build.0 = Debug|Win32
		{EC9CDF16-BA5A-410D-A72B-B742B053AFF8}.Release|x64.ActiveCfg = Release|x64
		{EC9CDF16-BA5A-410D-A72B-B742B053AFF8}.Release|x64.Build.0 = Release|x64
		{EC9CDF16-BA5A-410D-A72B-B742B053AFF8}.Release|x86.ActiveCfg = Release|Win32
		{EC9CDF16-BA5A-410D-A72B-B742B053AFF8}.Release|x86.Build.0 = Release|Win32
		{ACF399E4-54E4-4839-9993-CF2A82AE9313}.Debug|x64.ActiveCfg = Debug|x64
		{ACF399E4-54E4-4839-9993-CF2A82AE9313}.Debug|x64.Build.0 = Debug|x64
		{ACF399E4-54E4-4839-9993-CF2A82AE9313}.Debug|x86.ActiveCfg = Debug|Win32
		{ACF399E4-54E4-4839-9993-CF2A82AE9313}.Debug|x86.Build.0 = Debug|Win32
		{ACF399E4-54E4-4839-9993-CF2A82AE9313}.Release|x64.ActiveCfg = Release|x64
		{ACF399E4-54E4-4839-9993-CF2A82AE9313}.Release|x64.Build.0 = Release|x64
		{ACF399E4-54E4-4839-9993-CF2A82AE9313}.Release|x86.ActiveCfg = Release|Win32
		{ACF399E4-54E4-4839-9993-CF2A82AE9313}.Release|x86.Build.0 = Release|Win32
	EndGlobalSection
	GlobalSection(SolutionProperties) = preSolution
		HideSolutionNode = FALSE
	EndGlobalSection
	GlobalSection(ExtensibilityGlobals) = postSolution
		SolutionGuid = {BE07730A-74E4-464A-B9F2-047AA8C1866D}
	EndGlobalSection
EndGlobal
